
Microsoft Visual Studio Solution File, Format Version 12.00
# Visual Studio Version 16
VisualStudioVersion = 16.0.30717.126
MinimumVisualStudioVersion = 10.0.40219.1
Project("{FAE04EC0-301F-11D3-BF4B-00C04F79EFBC}") = "git Test", "git Test.csproj", "{B076FB17-4508-43DC-A68A-2033CFE2A260}"
EndProject
Global
	GlobalSection(SolutionConfigurationPlatforms) = preSolution
		Debug|Any CPU = Debug|Any CPU
		Release|Any CPU = Release|Any CPU
	EndGlobalSection
	GlobalSection(ProjectConfigurationPlatforms) = postSolution
		{B076FB17-4508-43DC-A68A-2033CFE2A260}.Debug|Any CPU.ActiveCfg = Debug|Any CPU
		{B076FB17-4508-43DC-A68A-2033CFE2A260}.Debug|Any CPU.Build.0 = Debug|Any CPU
		{B076FB17-4508-43DC-A68A-2033CFE2A260}.Release|Any CPU.ActiveCfg = Release|Any CPU
		{B076FB17-4508-43DC-A68A-2033CFE2A260}.Release|Any CPU.Build.0 = Release|Any CPU
	EndGlobalSection
	GlobalSection(SolutionProperties) = preSolution
		HideSolutionNode = FALSE
	EndGlobalSection
	GlobalSection(ExtensibilityGlobals) = postSolution
		SolutionGuid = {D544E53D-7014-4E4F-8492-FF22841E528F}
	EndGlobalSection
EndGlobal
